version = 1
revision = 2
requires-python = ">=3.8"
resolution-markers = [
    "python_full_version >= '3.9'",
    "python_full_version < '3.9'",
]

[[package]]
name = "easyfont"
version = "0.1.0"
source = { virtual = "." }
dependencies = [
    { name = "importlib-resources", version = "6.4.5", source = { registry = "https://pypi.tuna.tsinghua.edu.cn/simple" }, marker = "python_full_version < '3.9'" },
    { name = "importlib-resources", version = "6.5.2", source = { registry = "https://pypi.tuna.tsinghua.edu.cn/simple" }, marker = "python_full_version >= '3.9'" },
]

[package.metadata]
requires-dist = [{ name = "importlib-resources", specifier = ">=6.4.5" }]

[[package]]
name = "importlib-resources"
version = "6.4.5"
source = { registry = "https://pypi.tuna.tsinghua.edu.cn/simple" }
resolution-markers = [
    "python_full_version < '3.9'",
]
dependencies = [
    { name = "zipp", version = "3.20.2", source = { registry = "https://pypi.tuna.tsinghua.edu.cn/simple" }, marker = "python_full_version < '3.9'" },
]
sdist = { url = "https://pypi.tuna.tsinghua.edu.cn/packages/98/be/f3e8c6081b684f176b761e6a2fef02a0be939740ed6f54109a2951d806f3/importlib_resources-6.4.5.tar.gz", hash = "sha256:980862a1d16c9e147a59603677fa2aa5fd82b87f223b6cb870695bcfce830065", size = 43372, upload-time = "2024-09-09T17:03:14.677Z" }
wheels = [
    { url = "https://pypi.tuna.tsinghua.edu.cn/packages/e1/6a/4604f9ae2fa62ef47b9de2fa5ad599589d28c9fd1d335f32759813dfa91e/importlib_resources-6.4.5-py3-none-any.whl", hash = "sha256:ac29d5f956f01d5e4bb63102a5a19957f1b9175e45649977264a1416783bb717", size = 36115, upload-time = "2024-09-09T17:03:13.39Z" },
]

[[package]]
name = "importlib-resources"
version = "6.5.2"
source = { registry = "https://pypi.tuna.tsinghua.edu.cn/simple" }
resolution-markers = [
    "python_full_version >= '3.9'",
]
dependencies = [
    { name = "zipp", version = "3.22.0", source = { registry = "https://pypi.tuna.tsinghua.edu.cn/simple" }, marker = "python_full_version == '3.9.*'" },
]
sdist = { url = "https://pypi.tuna.tsinghua.edu.cn/packages/cf/8c/f834fbf984f691b4f7ff60f50b514cc3de5cc08abfc3295564dd89c5e2e7/importlib_resources-6.5.2.tar.gz", hash = "sha256:185f87adef5bcc288449d98fb4fba07cea78bc036455dd44c5fc4a2fe78fed2c", size = 44693, upload-time = "2025-01-03T18:51:56.698Z" }
wheels = [
    { url = "https://pypi.tuna.tsinghua.edu.cn/packages/a4/ed/1f1afb2e9e7f38a545d628f864d562a5ae64fe6f7a10e28ffb9b185b4e89/importlib_resources-6.5.2-py3-none-any.whl", hash = "sha256:789cfdc3ed28c78b67a06acb8126751ced69a3d5f79c095a98298cd8a760ccec", size = 37461, upload-time = "2025-01-03T18:51:54.306Z" },
]

[[package]]
name = "zipp"
version = "3.20.2"
source = { registry = "https://pypi.tuna.tsinghua.edu.cn/simple" }
resolution-markers = [
    "python_full_version < '3.9'",
]
sdist = { url = "https://pypi.tuna.tsinghua.edu.cn/packages/54/bf/5c0000c44ebc80123ecbdddba1f5dcd94a5ada602a9c225d84b5aaa55e86/zipp-3.20.2.tar.gz", hash = "sha256:bc9eb26f4506fda01b81bcde0ca78103b6e62f991b381fec825435c836edbc29", size = 24199, upload-time = "2024-09-13T13:44:16.101Z" }
wheels = [
    { url = "https://pypi.tuna.tsinghua.edu.cn/packages/62/8b/5ba542fa83c90e09eac972fc9baca7a88e7e7ca4b221a89251954019308b/zipp-3.20.2-py3-none-any.whl", hash = "sha256:a817ac80d6cf4b23bf7f2828b7cabf326f15a001bea8b1f9b49631780ba28350", size = 9200, upload-time = "2024-09-13T13:44:14.38Z" },
]

[[package]]
name = "zipp"
version = "3.22.0"
source = { registry = "https://pypi.tuna.tsinghua.edu.cn/simple" }
resolution-markers = [
    "python_full_version >= '3.9'",
]
sdist = { url = "https://pypi.tuna.tsinghua.edu.cn/packages/12/b6/7b3d16792fdf94f146bed92be90b4eb4563569eca91513c8609aebf0c167/zipp-3.22.0.tar.gz", hash = "sha256:dd2f28c3ce4bc67507bfd3781d21b7bb2be31103b51a4553ad7d90b84e57ace5", size = 25257, upload-time = "2025-05-26T14:46:32.217Z" }
wheels = [
    { url = "https://pypi.tuna.tsinghua.edu.cn/packages/ad/da/f64669af4cae46f17b90798a827519ce3737d31dbafad65d391e49643dc4/zipp-3.22.0-py3-none-any.whl", hash = "sha256:fe208f65f2aca48b81f9e6fd8cf7b8b32c26375266b009b413d45306b6148343", size = 9796, upload-time = "2025-05-26T14:46:30.775Z" },
]
